
Microsoft Visual Studio Solution File, Format Version 12.00
Project("{FAE04EC0-301F-11D3-BF4B-00C04F79EFBC}") = "SWE1-REST-HTTP-Webservice", "SWE1-REST-HTTP-Webservice\SWE1-REST-HTTP-Webservice.csproj", "{99D08C2E-E681-4642-AD4B-9A3474853917}"
EndProject
Project("{FAE04EC0-301F-11D3-BF4B-00C04F79EFBC}") = "SWE1-REST-HTTP-Webservice-Tests", "SWE1-REST-HTTP-Webservice-Tests\SWE1-REST-HTTP-Webservice-Tests.csproj", "{72F9A88E-C2D2-47B7-A1BC-0D81CF7E8990}"
EndProject
Global
	GlobalSection(SolutionConfigurationPlatforms) = preSolution
		Debug|Any CPU = Debug|Any CPU
		Release|Any CPU = Release|Any CPU
	EndGlobalSection
	GlobalSection(ProjectConfigurationPlatforms) = postSolution
		{99D08C2E-E681-4642-AD4B-9A3474853917}.Debug|Any CPU.ActiveCfg = Debug|Any CPU
		{99D08C2E-E681-4642-AD4B-9A3474853917}.Debug|Any CPU.Build.0 = Debug|Any CPU
		{99D08C2E-E681-4642-AD4B-9A3474853917}.Release|Any CPU.ActiveCfg = Release|Any CPU
		{99D08C2E-E681-4642-AD4B-9A3474853917}.Release|Any CPU.Build.0 = Release|Any CPU
		{72F9A88E-C2D2-47B7-A1BC-0D81CF7E8990}.Debug|Any CPU.ActiveCfg = Debug|Any CPU
		{72F9A88E-C2D2-47B7-A1BC-0D81CF7E8990}.Debug|Any CPU.Build.0 = Debug|Any CPU
		{72F9A88E-C2D2-47B7-A1BC-0D81CF7E8990}.Release|Any CPU.ActiveCfg = Release|Any CPU
		{72F9A88E-C2D2-47B7-A1BC-0D81CF7E8990}.Release|Any CPU.Build.0 = Release|Any CPU
	EndGlobalSection
EndGlobal
